
Microsoft Visual Studio Solution File, Format Version 12.00
# Visual Studio Version 17
VisualStudioVersion = 17.3.32825.248
MinimumVisualStudioVersion = 10.0.40219.1
Project("{FAE04EC0-301F-11D3-BF4B-00C04F79EFBC}") = "FazbearEntertainements_Project3", "FazbearEntertainements_Project3.csproj", "{71B742BE-CE27-4F53-8B57-2D596CB15FD1}"
EndProject
Global
	GlobalSection(SolutionConfigurationPlatforms) = preSolution
		Debug|Any CPU = Debug|Any CPU
		Release|Any CPU = Release|Any CPU
	EndGlobalSection
	GlobalSection(ProjectConfigurationPlatforms) = postSolution
		{71B742BE-CE27-4F53-8B57-2D596CB15FD1}.Debug|Any CPU.ActiveCfg = Debug|Any CPU
		{71B742BE-CE27-4F53-8B57-2D596CB15FD1}.Debug|Any CPU.Build.0 = Debug|Any CPU
		{71B742BE-CE27-4F53-8B57-2D596CB15FD1}.Release|Any CPU.ActiveCfg = Release|Any CPU
		{71B742BE-CE27-4F53-8B57-2D596CB15FD1}.Release|Any CPU.Build.0 = Release|Any CPU
	EndGlobalSection
	GlobalSection(SolutionProperties) = preSolution
		HideSolutionNode = FALSE
	EndGlobalSection
	GlobalSection(ExtensibilityGlobals) = postSolution
		SolutionGuid = {F5A191EE-B2CC-45F8-9A02-04A325B2F145}
	EndGlobalSection
EndGlobal
